
Microsoft Visual Studio Solution File, Format Version 10.00
# Visual Studio 2008
Project("{FAE04EC0-301F-11D3-BF4B-00C04F79EFBC}") = "HelloWorld", "HelloWorld\HelloWorld.csproj", "{44036213-089E-421E-AB2A-A570712E5C8E}"
EndProject
Project("{FAE04EC0-301F-11D3-BF4B-00C04F79EFBC}") = "HelloWorldWindows", "HelloWorldWindows\HelloWorldWindows.csproj", "{C7D38B1F-88C6-4CFE-BEE6-7BA6D3162BBD}"
EndProject
Project("{FAE04EC0-301F-11D3-BF4B-00C04F79EFBC}") = "PrintArgs", "PrintArgs\PrintArgs.csproj", "{ACE42AD0-6C0A-4675-9F7C-6FFC9CAE867D}"
EndProject
Project("{8BC9CEB8-8B4A-11D0-8D11-00A0C91BC942}") = "PrintArgsCPP", "PrintArgsCPP\PrintArgsCPP.vcproj", "{044151F7-780D-4381-A7BB-D82949EC2F72}"
EndProject
Project("{FAE04EC0-301F-11D3-BF4B-00C04F79EFBC}") = "Parse", "Parse\Parse.csproj", "{799A3B6A-CD0B-4F8F-800B-AF8BAE0EFDC2}"
EndProject
Project("{FAE04EC0-301F-11D3-BF4B-00C04F79EFBC}") = "Boxing", "Boxing\Boxing.csproj", "{9FDFD6A3-3B2C-4B79-8E17-E86635F43C58}"
EndProject
Project("{FAE04EC0-301F-11D3-BF4B-00C04F79EFBC}") = "Reflection", "Reflection\Reflection.csproj", "{326F9630-C7BE-4FB5-940E-3DBA671D96A5}"
EndProject
Project("{FAE04EC0-301F-11D3-BF4B-00C04F79EFBC}") = "CPU", "CPU\CPU.csproj", "{235C2156-EA70-47A8-B617-80CB71094D78}"
EndProject
Project("{8BC9CEB8-8B4A-11D0-8D11-00A0C91BC942}") = "CPUCPP", "CPUCPP\CPUCPP.vcproj", "{ACE55919-FA5E-4E3E-BC92-17528FCBF203}"
EndProject
Project("{FAE04EC0-301F-11D3-BF4B-00C04F79EFBC}") = "InterfaceSample", "InterfaceSample\InterfaceSample.csproj", "{A930A36B-BFC6-43C4-A1E4-2DE38AAA0CD9}"
EndProject
Project("{FAE04EC0-301F-11D3-BF4B-00C04F79EFBC}") = "DirectoryExists", "DirectoryExists\DirectoryExists.csproj", "{3F2FCA7E-C8A4-4D00-8F40-87F6BFAE3D60}"
EndProject
Project("{FAE04EC0-301F-11D3-BF4B-00C04F79EFBC}") = "WriteY", "WriteY\WriteY.csproj", "{CEB2EBDF-E825-418F-B391-6054175A9C3B}"
EndProject
Project("{FAE04EC0-301F-11D3-BF4B-00C04F79EFBC}") = "Done2", "DoneUnsafe\Done2.csproj", "{50743F42-219E-493E-9600-062B38220E67}"
EndProject
Project("{FAE04EC0-301F-11D3-BF4B-00C04F79EFBC}") = "Go", "Go\Go.csproj", "{C3CF6590-9DBC-4239-A66A-926D1E1AAF48}"
EndProject
Project("{FAE04EC0-301F-11D3-BF4B-00C04F79EFBC}") = "Done1", "DoneLocal\Done1.csproj", "{BAD7834A-F1D4-42A2-B2C4-763BDCB29BFF}"
EndProject
Project("{FAE04EC0-301F-11D3-BF4B-00C04F79EFBC}") = "Done3", "DoneUnsafe2\Done3.csproj", "{EB0A7F4A-17CA-41F9-BD1F-3AB9D734A70D}"
EndProject
Project("{FAE04EC0-301F-11D3-BF4B-00C04F79EFBC}") = "Done4", "Done4\Done4.csproj", "{18CE7557-155B-407D-8E2C-B4247750F656}"
EndProject
Project("{FAE04EC0-301F-11D3-BF4B-00C04F79EFBC}") = "Done5", "Done5\Done5.csproj", "{5FC9C404-5094-4C80-90F0-755C0EE0B573}"
EndProject
Project("{FAE04EC0-301F-11D3-BF4B-00C04F79EFBC}") = "Join", "Join\Join.csproj", "{95DA1627-8D3D-453B-B5ED-57F1A0D8132E}"
EndProject
Project("{FAE04EC0-301F-11D3-BF4B-00C04F79EFBC}") = "Done6", "Done6\Done6.csproj", "{39B830A2-14D2-4530-AF5E-02B7F3A533FB}"
EndProject
Project("{FAE04EC0-301F-11D3-BF4B-00C04F79EFBC}") = "XPathDocument", "XPathDocument\XPathDocument.csproj", "{9A81C1D1-E287-4F58-90AF-B184BACCCA1E}"
EndProject
Project("{8BC9CEB8-8B4A-11D0-8D11-00A0C91BC942}") = "FindFirst", "FindFirst\FindFirst.vcproj", "{1EBA30C5-314E-4BB9-82CD-EBBC4BD7A7AC}"
EndProject
Project("{FAE04EC0-301F-11D3-BF4B-00C04F79EFBC}") = "FindFirstCSharp", "FindFirstCSharp\FindFirstCSharp.csproj", "{60B2FE94-751A-48F1-A389-241CF62E5539}"
EndProject
Project("{FAE04EC0-301F-11D3-BF4B-00C04F79EFBC}") = "ToolStripTest", "ToolStripTest\ToolStripTest.csproj", "{AA3C9611-EB30-4CE5-8E8E-6ED43A7C6B05}"
EndProject
Project("{FAE04EC0-301F-11D3-BF4B-00C04F79EFBC}") = "MD5", "MD5\MD5.csproj", "{AE7921BA-2DB5-4F12-945E-AC12EB99D02E}"
EndProject
Project("{8BC9CEB8-8B4A-11D0-8D11-00A0C91BC942}") = "ArrayCPP", "ArrayCPP\ArrayCPP.vcproj", "{C82FE955-AE0A-432C-B7AA-3DAF58F895A7}"
EndProject
Project("{8BC9CEB8-8B4A-11D0-8D11-00A0C91BC942}") = "SwitchCPP", "SwitchCPP\SwitchCPP.vcproj", "{F94A7049-E237-46F0-A290-D2C8307139FD}"
EndProject
Project("{8BC9CEB8-8B4A-11D0-8D11-00A0C91BC942}") = "SizeOfCPP", "SizeOfCPP\SizeOfCPP.vcproj", "{363E08E7-4F80-440E-89BB-A48E4CD4349F}"
EndProject
Project("{8BC9CEB8-8B4A-11D0-8D11-00A0C91BC942}") = "StrCpyCPP", "StrCpyCPP\StrCpyCPP.vcproj", "{E25A4D94-2CBB-43F2-A1D3-92D9C54FEDD9}"
EndProject
Project("{8BC9CEB8-8B4A-11D0-8D11-00A0C91BC942}") = "PointerCPP", "PointerCPP\PointerCPP.vcproj", "{4BD2E026-9249-4B05-9BD6-433933B5B4C7}"
EndProject
Project("{8BC9CEB8-8B4A-11D0-8D11-00A0C91BC942}") = "StrCmpCPP", "StrCmpCPP\StrCmpCPP.vcproj", "{75DDF8F2-FB25-4EA5-B641-A45D376E6B44}"
EndProject
Project("{8BC9CEB8-8B4A-11D0-8D11-00A0C91BC942}") = "StrCatCPP", "StrCatCPP\StrCatCPP.vcproj", "{6F9BC3C3-012E-4A93-8102-8CC7F6446578}"
EndProject
Project("{8BC9CEB8-8B4A-11D0-8D11-00A0C91BC942}") = "HuiWenCPP", "HuiWenCPP\HuiWenCPP.vcproj", "{626B3D79-B94D-4137-8342-161E78D4E22F}"
EndProject
Project("{8BC9CEB8-8B4A-11D0-8D11-00A0C91BC942}") = "ListCPP", "ListCPP\ListCPP.vcproj", "{224BCDA9-2225-40D9-A949-8585B348CF92}"
EndProject
Project("{FAE04EC0-301F-11D3-BF4B-00C04F79EFBC}") = "Flash", "Flash\Flash.csproj", "{DB6F750A-F0E6-45A0-BDE0-2E4DC7FA88E3}"
EndProject
Project("{FAE04EC0-301F-11D3-BF4B-00C04F79EFBC}") = "TryCatchFinally", "TryCatchFinally\TryCatchFinally.csproj", "{1CAC352E-F80B-430B-8296-F3CA6D3D6D60}"
EndProject
Project("{FAE04EC0-301F-11D3-BF4B-00C04F79EFBC}") = "Key", "Key\Key.csproj", "{35B07AF7-C4CE-419E-8741-2E83EB878A7F}"
EndProject
Project("{8BC9CEB8-8B4A-11D0-8D11-00A0C91BC942}") = "Dijkstra", "Dijkstra\Dijkstra.vcproj", "{F0AFE8EA-EB0F-421C-9E66-333986AF3549}"
EndProject
Project("{FAE04EC0-301F-11D3-BF4B-00C04F79EFBC}") = "DragDrop", "DragDrop\DragDrop.csproj", "{7AAAFD8E-61C3-4601-A1AE-71192E8FDD15}"
EndProject
Project("{FAE04EC0-301F-11D3-BF4B-00C04F79EFBC}") = "Bitmap", "Bitmap\Bitmap.csproj", "{1E86F76E-D951-47EB-BA6A-F0F5461CDF4C}"
EndProject
Project("{FAE04EC0-301F-11D3-BF4B-00C04F79EFBC}") = "RegularExpression", "RegularExpression\RegularExpression.csproj", "{EF69BC8C-DABB-4124-A269-359C3FCFB098}"
EndProject
Project("{FAE04EC0-301F-11D3-BF4B-00C04F79EFBC}") = "Synthesizer", "Synthesizer\Synthesizer.csproj", "{7ECCCDB5-C5C3-4C5C-9798-D46EC359C782}"
EndProject
Project("{FAE04EC0-301F-11D3-BF4B-00C04F79EFBC}") = "BitmapSize", "BitmapSize\BitmapSize.csproj", "{7D9E9E6A-7491-49AF-AF82-D0FDDCA8D212}"
EndProject
Global
	GlobalSection(SolutionConfigurationPlatforms) = preSolution
		Debug|Any CPU = Debug|Any CPU
		Debug|Mixed Platforms = Debug|Mixed Platforms
		Debug|Win32 = Debug|Win32
		Release|Any CPU = Release|Any CPU
		Release|Mixed Platforms = Release|Mixed Platforms
		Release|Win32 = Release|Win32
	EndGlobalSection
	GlobalSection(ProjectConfigurationPlatforms) = postSolution
		{44036213-089E-421E-AB2A-A570712E5C8E}.Debug|Any CPU.ActiveCfg = Debug|Any CPU
		{44036213-089E-421E-AB2A-A570712E5C8E}.Debug|Any CPU.Build.0 = Debug|Any CPU
		{44036213-089E-421E-AB2A-A570712E5C8E}.Debug|Mixed Platforms.ActiveCfg = Debug|Any CPU
		{44036213-089E-421E-AB2A-A570712E5C8E}.Debug|Mixed Platforms.Build.0 = Debug|Any CPU
		{44036213-089E-421E-AB2A-A570712E5C8E}.Debug|Win32.ActiveCfg = Debug|Any CPU
		{44036213-089E-421E-AB2A-A570712E5C8E}.Release|Any CPU.ActiveCfg = Release|Any CPU
		{44036213-089E-421E-AB2A-A570712E5C8E}.Release|Any CPU.Build.0 = Release|Any CPU
		{44036213-089E-421E-AB2A-A570712E5C8E}.Release|Mixed Platforms.ActiveCfg = Release|Any CPU
		{44036213-089E-421E-AB2A-A570712E5C8E}.Release|Mixed Platforms.Build.0 = Release|Any CPU
		{44036213-089E-421E-AB2A-A570712E5C8E}.Release|Win32.ActiveCfg = Release|Any CPU
		{C7D38B1F-88C6-4CFE-BEE6-7BA6D3162BBD}.Debug|Any CPU.ActiveCfg = Debug|Any CPU
		{C7D38B1F-88C6-4CFE-BEE6-7BA6D3162BBD}.Debug|Any CPU.Build.0 = Debug|Any CPU
		{C7D38B1F-88C6-4CFE-BEE6-7BA6D3162BBD}.Debug|Mixed Platforms.ActiveCfg = Debug|Any CPU
		{C7D38B1F-88C6-4CFE-BEE6-7BA6D3162BBD}.Debug|Mixed Platforms.Build.0 = Debug|Any CPU
		{C7D38B1F-88C6-4CFE-BEE6-7BA6D3162BBD}.Debug|Win32.ActiveCfg = Debug|Any CPU
		{C7D38B1F-88C6-4CFE-BEE6-7BA6D3162BBD}.Release|Any CPU.ActiveCfg = Release|Any CPU
		{C7D38B1F-88C6-4CFE-BEE6-7BA6D3162BBD}.Release|Any CPU.Build.0 = Release|Any CPU
		{C7D38B1F-88C6-4CFE-BEE6-7BA6D3162BBD}.Release|Mixed Platforms.ActiveCfg = Release|Any CPU
		{C7D38B1F-88C6-4CFE-BEE6-7BA6D3162BBD}.Release|Mixed Platforms.Build.0 = Release|Any CPU
		{C7D38B1F-88C6-4CFE-BEE6-7BA6D3162BBD}.Release|Win32.ActiveCfg = Release|Any CPU
		{ACE42AD0-6C0A-4675-9F7C-6FFC9CAE867D}.Debug|Any CPU.ActiveCfg = Debug|Any CPU
		{ACE42AD0-6C0A-4675-9F7C-6FFC9CAE867D}.Debug|Any CPU.Build.0 = Debug|Any CPU
		{ACE42AD0-6C0A-4675-9F7C-6FFC9CAE867D}.Debug|Mixed Platforms.ActiveCfg = Debug|Any CPU
		{ACE42AD0-6C0A-4675-9F7C-6FFC9CAE867D}.Debug|Mixed Platforms.Build.0 = Debug|Any CPU
		{ACE42AD0-6C0A-4675-9F7C-6FFC9CAE867D}.Debug|Win32.ActiveCfg = Debug|Any CPU
		{ACE42AD0-6C0A-4675-9F7C-6FFC9CAE867D}.Release|Any CPU.ActiveCfg = Release|Any CPU
		{ACE42AD0-6C0A-4675-9F7C-6FFC9CAE867D}.Release|Any CPU.Build.0 = Release|Any CPU
		{ACE42AD0-6C0A-4675-9F7C-6FFC9CAE867D}.Release|Mixed Platforms.ActiveCfg = Release|Any CPU
		{ACE42AD0-6C0A-4675-9F7C-6FFC9CAE867D}.Release|Mixed Platforms.Build.0 = Release|Any CPU
		{ACE42AD0-6C0A-4675-9F7C-6FFC9CAE867D}.Release|Win32.ActiveCfg = Release|Any CPU
		{044151F7-780D-4381-A7BB-D82949EC2F72}.Debug|Any CPU.ActiveCfg = Debug|Win32
		{044151F7-780D-4381-A7BB-D82949EC2F72}.Debug|Mixed Platforms.ActiveCfg = Debug|Win32
		{044151F7-780D-4381-A7BB-D82949EC2F72}.Debug|Mixed Platforms.Build.0 = Debug|Win32
		{044151F7-780D-4381-A7BB-D82949EC2F72}.Debug|Win32.ActiveCfg = Debug|Win32
		{044151F7-780D-4381-A7BB-D82949EC2F72}.Debug|Win32.Build.0 = Debug|Win32
		{044151F7-780D-4381-A7BB-D82949EC2F72}.Release|Any CPU.ActiveCfg = Release|Win32
		{044151F7-780D-4381-A7BB-D82949EC2F72}.Release|Mixed Platforms.ActiveCfg = Release|Win32
		{044151F7-780D-4381-A7BB-D82949EC2F72}.Release|Mixed Platforms.Build.0 = Release|Win32
		{044151F7-780D-4381-A7BB-D82949EC2F72}.Release|Win32.ActiveCfg = Release|Win32
		{044151F7-780D-4381-A7BB-D82949EC2F72}.Release|Win32.Build.0 = Release|Win32
		{799A3B6A-CD0B-4F8F-800B-AF8BAE0EFDC2}.Debug|Any CPU.ActiveCfg = Debug|Any CPU
		{799A3B6A-CD0B-4F8F-800B-AF8BAE0EFDC2}.Debug|Any CPU.Build.0 = Debug|Any CPU
		{799A3B6A-CD0B-4F8F-800B-AF8BAE0EFDC2}.Debug|Mixed Platforms.ActiveCfg = Debug|Any CPU
		{799A3B6A-CD0B-4F8F-800B-AF8BAE0EFDC2}.Debug|Mixed Platforms.Build.0 = Debug|Any CPU
		{799A3B6A-CD0B-4F8F-800B-AF8BAE0EFDC2}.Debug|Win32.ActiveCfg = Debug|Any CPU
		{799A3B6A-CD0B-4F8F-800B-AF8BAE0EFDC2}.Release|Any CPU.ActiveCfg = Release|Any CPU
		{799A3B6A-CD0B-4F8F-800B-AF8BAE0EFDC2}.Release|Any CPU.Build.0 = Release|Any CPU
		{799A3B6A-CD0B-4F8F-800B-AF8BAE0EFDC2}.Release|Mixed Platforms.ActiveCfg = Release|Any CPU
		{799A3B6A-CD0B-4F8F-800B-AF8BAE0EFDC2}.Release|Mixed Platforms.Build.0 = Release|Any CPU
		{799A3B6A-CD0B-4F8F-800B-AF8BAE0EFDC2}.Release|Win32.ActiveCfg = Release|Any CPU
		{9FDFD6A3-3B2C-4B79-8E17-E86635F43C58}.Debug|Any CPU.ActiveCfg = Debug|Any CPU
		{9FDFD6A3-3B2C-4B79-8E17-E86635F43C58}.Debug|Any CPU.Build.0 = Debug|Any CPU
		{9FDFD6A3-3B2C-4B79-8E17-E86635F43C58}.Debug|Mixed Platforms.ActiveCfg = Debug|Any CPU
		{9FDFD6A3-3B2C-4B79-8E17-E86635F43C58}.Debug|Mixed Platforms.Build.0 = Debug|Any CPU
		{9FDFD6A3-3B2C-4B79-8E17-E86635F43C58}.Debug|Win32.ActiveCfg = Debug|Any CPU
		{9FDFD6A3-3B2C-4B79-8E17-E86635F43C58}.Release|Any CPU.ActiveCfg = Release|Any CPU
		{9FDFD6A3-3B2C-4B79-8E17-E86635F43C58}.Release|Any CPU.Build.0 = Release|Any CPU
		{9FDFD6A3-3B2C-4B79-8E17-E86635F43C58}.Release|Mixed Platforms.ActiveCfg = Release|Any CPU
		{9FDFD6A3-3B2C-4B79-8E17-E86635F43C58}.Release|Mixed Platforms.Build.0 = Release|Any CPU
		{9FDFD6A3-3B2C-4B79-8E17-E86635F43C58}.Release|Win32.ActiveCfg = Release|Any CPU
		{326F9630-C7BE-4FB5-940E-3DBA671D96A5}.Debug|Any CPU.ActiveCfg = Debug|Any CPU
		{326F9630-C7BE-4FB5-940E-3DBA671D96A5}.Debug|Any CPU.Build.0 = Debug|Any CPU
		{326F9630-C7BE-4FB5-940E-3DBA671D96A5}.Debug|Mixed Platforms.ActiveCfg = Debug|Any CPU
		{326F9630-C7BE-4FB5-940E-3DBA671D96A5}.Debug|Mixed Platforms.Build.0 = Debug|Any CPU
		{326F9630-C7BE-4FB5-940E-3DBA671D96A5}.Debug|Win32.ActiveCfg = Debug|Any CPU
		{326F9630-C7BE-4FB5-940E-3DBA671D96A5}.Release|Any CPU.ActiveCfg = Release|Any CPU
		{326F9630-C7BE-4FB5-940E-3DBA671D96A5}.Release|Any CPU.Build.0 = Release|Any CPU
		{326F9630-C7BE-4FB5-940E-3DBA671D96A5}.Release|Mixed Platforms.ActiveCfg = Release|Any CPU
		{326F9630-C7BE-4FB5-940E-3DBA671D96A5}.Release|Mixed Platforms.Build.0 = Release|Any CPU
		{326F9630-C7BE-4FB5-940E-3DBA671D96A5}.Release|Win32.ActiveCfg = Release|Any CPU
		{235C2156-EA70-47A8-B617-80CB71094D78}.Debug|Any CPU.ActiveCfg = Debug|Any CPU
		{235C2156-EA70-47A8-B617-80CB71094D78}.Debug|Any CPU.Build.0 = Debug|Any CPU
		{235C2156-EA70-47A8-B617-80CB71094D78}.Debug|Mixed Platforms.ActiveCfg = Debug|Any CPU
		{235C2156-EA70-47A8-B617-80CB71094D78}.Debug|Mixed Platforms.Build.0 = Debug|Any CPU
		{235C2156-EA70-47A8-B617-80CB71094D78}.Debug|Win32.ActiveCfg = Debug|Any CPU
		{235C2156-EA70-47A8-B617-80CB71094D78}.Release|Any CPU.ActiveCfg = Release|Any CPU
		{235C2156-EA70-47A8-B617-80CB71094D78}.Release|Any CPU.Build.0 = Release|Any CPU
		{235C2156-EA70-47A8-B617-80CB71094D78}.Release|Mixed Platforms.ActiveCfg = Release|Any CPU
		{235C2156-EA70-47A8-B617-80CB71094D78}.Release|Mixed Platforms.Build.0 = Release|Any CPU
		{235C2156-EA70-47A8-B617-80CB71094D78}.Release|Win32.ActiveCfg = Release|Any CPU
		{ACE55919-FA5E-4E3E-BC92-17528FCBF203}.Debug|Any CPU.ActiveCfg = Debug|Win32
		{ACE55919-FA5E-4E3E-BC92-17528FCBF203}.Debug|Mixed Platforms.ActiveCfg = Debug|Win32
		{ACE55919-FA5E-4E3E-BC92-17528FCBF203}.Debug|Mixed Platforms.Build.0 = Debug|Win32
		{ACE55919-FA5E-4E3E-BC92-17528FCBF203}.Debug|Win32.ActiveCfg = Debug|Win32
		{ACE55919-FA5E-4E3E-BC92-17528FCBF203}.Debug|Win32.Build.0 = Debug|Win32
		{ACE55919-FA5E-4E3E-BC92-17528FCBF203}.Release|Any CPU.ActiveCfg = Release|Win32
		{ACE55919-FA5E-4E3E-BC92-17528FCBF203}.Release|Mixed Platforms.ActiveCfg = Release|Win32
		{ACE55919-FA5E-4E3E-BC92-17528FCBF203}.Release|Mixed Platforms.Build.0 = Release|Win32
		{ACE55919-FA5E-4E3E-BC92-17528FCBF203}.Release|Win32.ActiveCfg = Release|Win32
		{ACE55919-FA5E-4E3E-BC92-17528FCBF203}.Release|Win32.Build.0 = Release|Win32
		{A930A36B-BFC6-43C4-A1E4-2DE38AAA0CD9}.Debug|Any CPU.ActiveCfg = Debug|Any CPU
		{A930A36B-BFC6-43C4-A1E4-2DE38AAA0CD9}.Debug|Any CPU.Build.0 = Debug|Any CPU
		{A930A36B-BFC6-43C4-A1E4-2DE38AAA0CD9}.Debug|Mixed Platforms.ActiveCfg = Debug|Any CPU
		{A930A36B-BFC6-43C4-A1E4-2DE38AAA0CD9}.Debug|Mixed Platforms.Build.0 = Debug|Any CPU
		{A930A36B-BFC6-43C4-A1E4-2DE38AAA0CD9}.Debug|Win32.ActiveCfg = Debug|Any CPU
		{A930A36B-BFC6-43C4-A1E4-2DE38AAA0CD9}.Release|Any CPU.ActiveCfg = Release|Any CPU
		{A930A36B-BFC6-43C4-A1E4-2DE38AAA0CD9}.Release|Any CPU.Build.0 = Release|Any CPU
		{A930A36B-BFC6-43C4-A1E4-2DE38AAA0CD9}.Release|Mixed Platforms.ActiveCfg = Release|Any CPU
		{A930A36B-BFC6-43C4-A1E4-2DE38AAA0CD9}.Release|Mixed Platforms.Build.0 = Release|Any CPU
		{A930A36B-BFC6-43C4-A1E4-2DE38AAA0CD9}.Release|Win32.ActiveCfg = Release|Any CPU
		{3F2FCA7E-C8A4-4D00-8F40-87F6BFAE3D60}.Debug|Any CPU.ActiveCfg = Debug|Any CPU
		{3F2FCA7E-C8A4-4D00-8F40-87F6BFAE3D60}.Debug|Any CPU.Build.0 = Debug|Any CPU
		{3F2FCA7E-C8A4-4D00-8F40-87F6BFAE3D60}.Debug|Mixed Platforms.ActiveCfg = Debug|Any CPU
		{3F2FCA7E-C8A4-4D00-8F40-87F6BFAE3D60}.Debug|Mixed Platforms.Build.0 = Debug|Any CPU
		{3F2FCA7E-C8A4-4D00-8F40-87F6BFAE3D60}.Debug|Win32.ActiveCfg = Debug|Any CPU
		{3F2FCA7E-C8A4-4D00-8F40-87F6BFAE3D60}.Release|Any CPU.ActiveCfg = Release|Any CPU
		{3F2FCA7E-C8A4-4D00-8F40-87F6BFAE3D60}.Release|Any CPU.Build.0 = Release|Any CPU
		{3F2FCA7E-C8A4-4D00-8F40-87F6BFAE3D60}.Release|Mixed Platforms.ActiveCfg = Release|Any CPU
		{3F2FCA7E-C8A4-4D00-8F40-87F6BFAE3D60}.Release|Mixed Platforms.Build.0 = Release|Any CPU
		{3F2FCA7E-C8A4-4D00-8F40-87F6BFAE3D60}.Release|Win32.ActiveCfg = Release|Any CPU
		{CEB2EBDF-E825-418F-B391-6054175A9C3B}.Debug|Any CPU.ActiveCfg = Debug|Any CPU
		{CEB2EBDF-E825-418F-B391-6054175A9C3B}.Debug|Any CPU.Build.0 = Debug|Any CPU
		{CEB2EBDF-E825-418F-B391-6054175A9C3B}.Debug|Mixed Platforms.ActiveCfg = Debug|Any CPU
		{CEB2EBDF-E825-418F-B391-6054175A9C3B}.Debug|Mixed Platforms.Build.0 = Debug|Any CPU
		{CEB2EBDF-E825-418F-B391-6054175A9C3B}.Debug|Win32.ActiveCfg = Debug|Any CPU
		{CEB2EBDF-E825-418F-B391-6054175A9C3B}.Release|Any CPU.ActiveCfg = Release|Any CPU
		{CEB2EBDF-E825-418F-B391-6054175A9C3B}.Release|Any CPU.Build.0 = Release|Any CPU
		{CEB2EBDF-E825-418F-B391-6054175A9C3B}.Release|Mixed Platforms.ActiveCfg = Release|Any CPU
		{CEB2EBDF-E825-418F-B391-6054175A9C3B}.Release|Mixed Platforms.Build.0 = Release|Any CPU
		{CEB2EBDF-E825-418F-B391-6054175A9C3B}.Release|Win32.ActiveCfg = Release|Any CPU
		{50743F42-219E-493E-9600-062B38220E67}.Debug|Any CPU.ActiveCfg = Debug|Any CPU
		{50743F42-219E-493E-9600-062B38220E67}.Debug|Any CPU.Build.0 = Debug|Any CPU
		{50743F42-219E-493E-9600-062B38220E67}.Debug|Mixed Platforms.ActiveCfg = Debug|Any CPU
		{50743F42-219E-493E-9600-062B38220E67}.Debug|Mixed Platforms.Build.0 = Debug|Any CPU
		{50743F42-219E-493E-9600-062B38220E67}.Debug|Win32.ActiveCfg = Debug|Any CPU
		{50743F42-219E-493E-9600-062B38220E67}.Release|Any CPU.ActiveCfg = Release|Any CPU
		{50743F42-219E-493E-9600-062B38220E67}.Release|Any CPU.Build.0 = Release|Any CPU
		{50743F42-219E-493E-9600-062B38220E67}.Release|Mixed Platforms.ActiveCfg = Release|Any CPU
		{50743F42-219E-493E-9600-062B38220E67}.Release|Mixed Platforms.Build.0 = Release|Any CPU
		{50743F42-219E-493E-9600-062B38220E67}.Release|Win32.ActiveCfg = Release|Any CPU
		{C3CF6590-9DBC-4239-A66A-926D1E1AAF48}.Debug|Any CPU.ActiveCfg = Debug|Any CPU
		{C3CF6590-9DBC-4239-A66A-926D1E1AAF48}.Debug|Any CPU.Build.0 = Debug|Any CPU
		{C3CF6590-9DBC-4239-A66A-926D1E1AAF48}.Debug|Mixed Platforms.ActiveCfg = Debug|Any CPU
		{C3CF6590-9DBC-4239-A66A-926D1E1AAF48}.Debug|Mixed Platforms.Build.0 = Debug|Any CPU
		{C3CF6590-9DBC-4239-A66A-926D1E1AAF48}.Debug|Win32.ActiveCfg = Debug|Any CPU
		{C3CF6590-9DBC-4239-A66A-926D1E1AAF48}.Release|Any CPU.ActiveCfg = Release|Any CPU
		{C3CF6590-9DBC-4239-A66A-926D1E1AAF48}.Release|Any CPU.Build.0 = Release|Any CPU
		{C3CF6590-9DBC-4239-A66A-926D1E1AAF48}.Release|Mixed Platforms.ActiveCfg = Release|Any CPU
		{C3CF6590-9DBC-4239-A66A-926D1E1AAF48}.Release|Mixed Platforms.Build.0 = Release|Any CPU
		{C3CF6590-9DBC-4239-A66A-926D1E1AAF48}.Release|Win32.ActiveCfg = Release|Any CPU
		{BAD7834A-F1D4-42A2-B2C4-763BDCB29BFF}.Debug|Any CPU.ActiveCfg = Debug|Any CPU
		{BAD7834A-F1D4-42A2-B2C4-763BDCB29BFF}.Debug|Any CPU.Build.0 = Debug|Any CPU
		{BAD7834A-F1D4-42A2-B2C4-763BDCB29BFF}.Debug|Mixed Platforms.ActiveCfg = Debug|Any CPU
		{BAD7834A-F1D4-42A2-B2C4-763BDCB29BFF}.Debug|Mixed Platforms.Build.0 = Debug|Any CPU
		{BAD7834A-F1D4-42A2-B2C4-763BDCB29BFF}.Debug|Win32.ActiveCfg = Debug|Any CPU
		{BAD7834A-F1D4-42A2-B2C4-763BDCB29BFF}.Release|Any CPU.ActiveCfg = Release|Any CPU
		{BAD7834A-F1D4-42A2-B2C4-763BDCB29BFF}.Release|Any CPU.Build.0 = Release|Any CPU
		{BAD7834A-F1D4-42A2-B2C4-763BDCB29BFF}.Release|Mixed Platforms.ActiveCfg = Release|Any CPU
		{BAD7834A-F1D4-42A2-B2C4-763BDCB29BFF}.Release|Mixed Platforms.Build.0 = Release|Any CPU
		{BAD7834A-F1D4-42A2-B2C4-763BDCB29BFF}.Release|Win32.ActiveCfg = Release|Any CPU
		{EB0A7F4A-17CA-41F9-BD1F-3AB9D734A70D}.Debug|Any CPU.ActiveCfg = Debug|Any CPU
		{EB0A7F4A-17CA-41F9-BD1F-3AB9D734A70D}.Debug|Any CPU.Build.0 = Debug|Any CPU
		{EB0A7F4A-17CA-41F9-BD1F-3AB9D734A70D}.Debug|Mixed Platforms.ActiveCfg = Debug|Any CPU
		{EB0A7F4A-17CA-41F9-BD1F-3AB9D734A70D}.Debug|Mixed Platforms.Build.0 = Debug|Any CPU
		{EB0A7F4A-17CA-41F9-BD1F-3AB9D734A70D}.Debug|Win32.ActiveCfg = Debug|Any CPU
		{EB0A7F4A-17CA-41F9-BD1F-3AB9D734A70D}.Release|Any CPU.ActiveCfg = Release|Any CPU
		{EB0A7F4A-17CA-41F9-BD1F-3AB9D734A70D}.Release|Any CPU.Build.0 = Release|Any CPU
		{EB0A7F4A-17CA-41F9-BD1F-3AB9D734A70D}.Release|Mixed Platforms.ActiveCfg = Release|Any CPU
		{EB0A7F4A-17CA-41F9-BD1F-3AB9D734A70D}.Release|Mixed Platforms.Build.0 = Release|Any CPU
		{EB0A7F4A-17CA-41F9-BD1F-3AB9D734A70D}.Release|Win32.ActiveCfg = Release|Any CPU
		{18CE7557-155B-407D-8E2C-B4247750F656}.Debug|Any CPU.ActiveCfg = Debug|Any CPU
		{18CE7557-155B-407D-8E2C-B4247750F656}.Debug|Any CPU.Build.0 = Debug|Any CPU
		{18CE7557-155B-407D-8E2C-B4247750F656}.Debug|Mixed Platforms.ActiveCfg = Debug|Any CPU
		{18CE7557-155B-407D-8E2C-B4247750F656}.Debug|Mixed Platforms.Build.0 = Debug|Any CPU
		{18CE7557-155B-407D-8E2C-B4247750F656}.Debug|Win32.ActiveCfg = Debug|Any CPU
		{18CE7557-155B-407D-8E2C-B4247750F656}.Release|Any CPU.ActiveCfg = Release|Any CPU
		{18CE7557-155B-407D-8E2C-B4247750F656}.Release|Any CPU.Build.0 = Release|Any CPU
		{18CE7557-155B-407D-8E2C-B4247750F656}.Release|Mixed Platforms.ActiveCfg = Release|Any CPU
		{18CE7557-155B-407D-8E2C-B4247750F656}.Release|Mixed Platforms.Build.0 = Release|Any CPU
		{18CE7557-155B-407D-8E2C-B4247750F656}.Release|Win32.ActiveCfg = Release|Any CPU
		{5FC9C404-5094-4C80-90F0-755C0EE0B573}.Debug|Any CPU.ActiveCfg = Debug|Any CPU
		{5FC9C404-5094-4C80-90F0-755C0EE0B573}.Debug|Any CPU.Build.0 = Debug|Any CPU
		{5FC9C404-5094-4C80-90F0-755C0EE0B573}.Debug|Mixed Platforms.ActiveCfg = Debug|Any CPU
		{5FC9C404-5094-4C80-90F0-755C0EE0B573}.Debug|Mixed Platforms.Build.0 = Debug|Any CPU
		{5FC9C404-5094-4C80-90F0-755C0EE0B573}.Debug|Win32.ActiveCfg = Debug|Any CPU
		{5FC9C404-5094-4C80-90F0-755C0EE0B573}.Release|Any CPU.ActiveCfg = Release|Any CPU
		{5FC9C404-5094-4C80-90F0-755C0EE0B573}.Release|Any CPU.Build.0 = Release|Any CPU
		{5FC9C404-5094-4C80-90F0-755C0EE0B573}.Release|Mixed Platforms.ActiveCfg = Release|Any CPU
		{5FC9C404-5094-4C80-90F0-755C0EE0B573}.Release|Mixed Platforms.Build.0 = Release|Any CPU
		{5FC9C404-5094-4C80-90F0-755C0EE0B573}.Release|Win32.ActiveCfg = Release|Any CPU
		{95DA1627-8D3D-453B-B5ED-57F1A0D8132E}.Debug|Any CPU.ActiveCfg = Debug|Any CPU
		{95DA1627-8D3D-453B-B5ED-57F1A0D8132E}.Debug|Any CPU.Build.0 = Debug|Any CPU
		{95DA1627-8D3D-453B-B5ED-57F1A0D8132E}.Debug|Mixed Platforms.ActiveCfg = Debug|Any CPU
		{95DA1627-8D3D-453B-B5ED-57F1A0D8132E}.Debug|Mixed Platforms.Build.0 = Debug|Any CPU
		{95DA1627-8D3D-453B-B5ED-57F1A0D8132E}.Debug|Win32.ActiveCfg = Debug|Any CPU
		{95DA1627-8D3D-453B-B5ED-57F1A0D8132E}.Release|Any CPU.ActiveCfg = Release|Any CPU
		{95DA1627-8D3D-453B-B5ED-57F1A0D8132E}.Release|Any CPU.Build.0 = Release|Any CPU
		{95DA1627-8D3D-453B-B5ED-57F1A0D8132E}.Release|Mixed Platforms.ActiveCfg = Release|Any CPU
		{95DA1627-8D3D-453B-B5ED-57F1A0D8132E}.Release|Mixed Platforms.Build.0 = Release|Any CPU
		{95DA1627-8D3D-453B-B5ED-57F1A0D8132E}.Release|Win32.ActiveCfg = Release|Any CPU
		{39B830A2-14D2-4530-AF5E-02B7F3A533FB}.Debug|Any CPU.ActiveCfg = Debug|Any CPU
		{39B830A2-14D2-4530-AF5E-02B7F3A533FB}.Debug|Any CPU.Build.0 = Debug|Any CPU
		{39B830A2-14D2-4530-AF5E-02B7F3A533FB}.Debug|Mixed Platforms.ActiveCfg = Debug|Any CPU
		{39B830A2-14D2-4530-AF5E-02B7F3A533FB}.Debug|Mixed Platforms.Build.0 = Debug|Any CPU
		{39B830A2-14D2-4530-AF5E-02B7F3A533FB}.Debug|Win32.ActiveCfg = Debug|Any CPU
		{39B830A2-14D2-4530-AF5E-02B7F3A533FB}.Release|Any CPU.ActiveCfg = Release|Any CPU
		{39B830A2-14D2-4530-AF5E-02B7F3A533FB}.Release|Any CPU.Build.0 = Release|Any CPU
		{39B830A2-14D2-4530-AF5E-02B7F3A533FB}.Release|Mixed Platforms.ActiveCfg = Release|Any CPU
		{39B830A2-14D2-4530-AF5E-02B7F3A533FB}.Release|Mixed Platforms.Build.0 = Release|Any CPU
		{39B830A2-14D2-4530-AF5E-02B7F3A533FB}.Release|Win32.ActiveCfg = Release|Any CPU
		{9A81C1D1-E287-4F58-90AF-B184BACCCA1E}.Debug|Any CPU.ActiveCfg = Debug|Any CPU
		{9A81C1D1-E287-4F58-90AF-B184BACCCA1E}.Debug|Any CPU.Build.0 = Debug|Any CPU
		{9A81C1D1-E287-4F58-90AF-B184BACCCA1E}.Debug|Mixed Platforms.ActiveCfg = Debug|Any CPU
		{9A81C1D1-E287-4F58-90AF-B184BACCCA1E}.Debug|Mixed Platforms.Build.0 = Debug|Any CPU
		{9A81C1D1-E287-4F58-90AF-B184BACCCA1E}.Debug|Win32.ActiveCfg = Debug|Any CPU
		{9A81C1D1-E287-4F58-90AF-B184BACCCA1E}.Release|Any CPU.ActiveCfg = Release|Any CPU
		{9A81C1D1-E287-4F58-90AF-B184BACCCA1E}.Release|Any CPU.Build.0 = Release|Any CPU
		{9A81C1D1-E287-4F58-90AF-B184BACCCA1E}.Release|Mixed Platforms.ActiveCfg = Release|Any CPU
		{9A81C1D1-E287-4F58-90AF-B184BACCCA1E}.Release|Mixed Platforms.Build.0 = Release|Any CPU
		{9A81C1D1-E287-4F58-90AF-B184BACCCA1E}.Release|Win32.ActiveCfg = Release|Any CPU
		{1EBA30C5-314E-4BB9-82CD-EBBC4BD7A7AC}.Debug|Any CPU.ActiveCfg = Debug|Win32
		{1EBA30C5-314E-4BB9-82CD-EBBC4BD7A7AC}.Debug|Mixed Platforms.ActiveCfg = Debug|Win32
		{1EBA30C5-314E-4BB9-82CD-EBBC4BD7A7AC}.Debug|Mixed Platforms.Build.0 = Debug|Win32
		{1EBA30C5-314E-4BB9-82CD-EBBC4BD7A7AC}.Debug|Win32.ActiveCfg = Debug|Win32
		{1EBA30C5-314E-4BB9-82CD-EBBC4BD7A7AC}.Debug|Win32.Build.0 = Debug|Win32
		{1EBA30C5-314E-4BB9-82CD-EBBC4BD7A7AC}.Release|Any CPU.ActiveCfg = Release|Win32
		{1EBA30C5-314E-4BB9-82CD-EBBC4BD7A7AC}.Release|Mixed Platforms.ActiveCfg = Release|Win32
		{1EBA30C5-314E-4BB9-82CD-EBBC4BD7A7AC}.Release|Mixed Platforms.Build.0 = Release|Win32
		{1EBA30C5-314E-4BB9-82CD-EBBC4BD7A7AC}.Release|Win32.ActiveCfg = Release|Win32
		{1EBA30C5-314E-4BB9-82CD-EBBC4BD7A7AC}.Release|Win32.Build.0 = Release|Win32
		{60B2FE94-751A-48F1-A389-241CF62E5539}.Debug|Any CPU.ActiveCfg = Debug|Any CPU
		{60B2FE94-751A-48F1-A389-241CF62E5539}.Debug|Any CPU.Build.0 = Debug|Any CPU
		{60B2FE94-751A-48F1-A389-241CF62E5539}.Debug|Mixed Platforms.ActiveCfg = Debug|Any CPU
		{60B2FE94-751A-48F1-A389-241CF62E5539}.Debug|Mixed Platforms.Build.0 = Debug|Any CPU
		{60B2FE94-751A-48F1-A389-241CF62E5539}.Debug|Win32.ActiveCfg = Debug|Any CPU
		{60B2FE94-751A-48F1-A389-241CF62E5539}.Release|Any CPU.ActiveCfg = Release|Any CPU
		{60B2FE94-751A-48F1-A389-241CF62E5539}.Release|Any CPU.Build.0 = Release|Any CPU
		{60B2FE94-751A-48F1-A389-241CF62E5539}.Release|Mixed Platforms.ActiveCfg = Release|Any CPU
		{60B2FE94-751A-48F1-A389-241CF62E5539}.Release|Mixed Platforms.Build.0 = Release|Any CPU
		{60B2FE94-751A-48F1-A389-241CF62E5539}.Release|Win32.ActiveCfg = Release|Any CPU
		{AA3C9611-EB30-4CE5-8E8E-6ED43A7C6B05}.Debug|Any CPU.ActiveCfg = Debug|Any CPU
		{AA3C9611-EB30-4CE5-8E8E-6ED43A7C6B05}.Debug|Any CPU.Build.0 = Debug|Any CPU
		{AA3C9611-EB30-4CE5-8E8E-6ED43A7C6B05}.Debug|Mixed Platforms.ActiveCfg = Debug|Any CPU
		{AA3C9611-EB30-4CE5-8E8E-6ED43A7C6B05}.Debug|Mixed Platforms.Build.0 = Debug|Any CPU
		{AA3C9611-EB30-4CE5-8E8E-6ED43A7C6B05}.Debug|Win32.ActiveCfg = Debug|Any CPU
		{AA3C9611-EB30-4CE5-8E8E-6ED43A7C6B05}.Release|Any CPU.ActiveCfg = Release|Any CPU
		{AA3C9611-EB30-4CE5-8E8E-6ED43A7C6B05}.Release|Any CPU.Build.0 = Release|Any CPU
		{AA3C9611-EB30-4CE5-8E8E-6ED43A7C6B05}.Release|Mixed Platforms.ActiveCfg = Release|Any CPU
		{AA3C9611-EB30-4CE5-8E8E-6ED43A7C6B05}.Release|Mixed Platforms.Build.0 = Release|Any CPU
		{AA3C9611-EB30-4CE5-8E8E-6ED43A7C6B05}.Release|Win32.ActiveCfg = Release|Any CPU
		{AE7921BA-2DB5-4F12-945E-AC12EB99D02E}.Debug|Any CPU.ActiveCfg = Debug|Any CPU
		{AE7921BA-2DB5-4F12-945E-AC12EB99D02E}.Debug|Any CPU.Build.0 = Debug|Any CPU
		{AE7921BA-2DB5-4F12-945E-AC12EB99D02E}.Debug|Mixed Platforms.ActiveCfg = Debug|Any CPU
		{AE7921BA-2DB5-4F12-945E-AC12EB99D02E}.Debug|Mixed Platforms.Build.0 = Debug|Any CPU
		{AE7921BA-2DB5-4F12-945E-AC12EB99D02E}.Debug|Win32.ActiveCfg = Debug|Any CPU
		{AE7921BA-2DB5-4F12-945E-AC12EB99D02E}.Release|Any CPU.ActiveCfg = Release|Any CPU
		{AE7921BA-2DB5-4F12-945E-AC12EB99D02E}.Release|Any CPU.Build.0 = Release|Any CPU
		{AE7921BA-2DB5-4F12-945E-AC12EB99D02E}.Release|Mixed Platforms.ActiveCfg = Release|Any CPU
		{AE7921BA-2DB5-4F12-945E-AC12EB99D02E}.Release|Mixed Platforms.Build.0 = Release|Any CPU
		{AE7921BA-2DB5-4F12-945E-AC12EB99D02E}.Release|Win32.ActiveCfg = Release|Any CPU
		{C82FE955-AE0A-432C-B7AA-3DAF58F895A7}.Debug|Any CPU.ActiveCfg = Debug|Win32
		{C82FE955-AE0A-432C-B7AA-3DAF58F895A7}.Debug|Mixed Platforms.ActiveCfg = Debug|Win32
		{C82FE955-AE0A-432C-B7AA-3DAF58F895A7}.Debug|Mixed Platforms.Build.0 = Debug|Win32
		{C82FE955-AE0A-432C-B7AA-3DAF58F895A7}.Debug|Win32.ActiveCfg = Debug|Win32
		{C82FE955-AE0A-432C-B7AA-3DAF58F895A7}.Debug|Win32.Build.0 = Debug|Win32
		{C82FE955-AE0A-432C-B7AA-3DAF58F895A7}.Release|Any CPU.ActiveCfg = Release|Win32
		{C82FE955-AE0A-432C-B7AA-3DAF58F895A7}.Release|Mixed Platforms.ActiveCfg = Release|Win32
		{C82FE955-AE0A-432C-B7AA-3DAF58F895A7}.Release|Mixed Platforms.Build.0 = Release|Win32
		{C82FE955-AE0A-432C-B7AA-3DAF58F895A7}.Release|Win32.ActiveCfg = Release|Win32
		{C82FE955-AE0A-432C-B7AA-3DAF58F895A7}.Release|Win32.Build.0 = Release|Win32
		{F94A7049-E237-46F0-A290-D2C8307139FD}.Debug|Any CPU.ActiveCfg = Debug|Win32
		{F94A7049-E237-46F0-A290-D2C8307139FD}.Debug|Mixed Platforms.ActiveCfg = Debug|Win32
		{F94A7049-E237-46F0-A290-D2C8307139FD}.Debug|Mixed Platforms.Build.0 = Debug|Win32
		{F94A7049-E237-46F0-A290-D2C8307139FD}.Debug|Win32.ActiveCfg = Debug|Win32
		{F94A7049-E237-46F0-A290-D2C8307139FD}.Debug|Win32.Build.0 = Debug|Win32
		{F94A7049-E237-46F0-A290-D2C8307139FD}.Release|Any CPU.ActiveCfg = Release|Win32
		{F94A7049-E237-46F0-A290-D2C8307139FD}.Release|Mixed Platforms.ActiveCfg = Release|Win32
		{F94A7049-E237-46F0-A290-D2C8307139FD}.Release|Mixed Platforms.Build.0 = Release|Win32
		{F94A7049-E237-46F0-A290-D2C8307139FD}.Release|Win32.ActiveCfg = Release|Win32
		{F94A7049-E237-46F0-A290-D2C8307139FD}.Release|Win32.Build.0 = Release|Win32
		{363E08E7-4F80-440E-89BB-A48E4CD4349F}.Debug|Any CPU.ActiveCfg = Debug|Win32
		{363E08E7-4F80-440E-89BB-A48E4CD4349F}.Debug|Mixed Platforms.ActiveCfg = Debug|Win32
		{363E08E7-4F80-440E-89BB-A48E4CD4349F}.Debug|Mixed Platforms.Build.0 = Debug|Win32
		{363E08E7-4F80-440E-89BB-A48E4CD4349F}.Debug|Win32.ActiveCfg = Debug|Win32
		{363E08E7-4F80-440E-89BB-A48E4CD4349F}.Debug|Win32.Build.0 = Debug|Win32
		{363E08E7-4F80-440E-89BB-A48E4CD4349F}.Release|Any CPU.ActiveCfg = Release|Win32
		{363E08E7-4F80-440E-89BB-A48E4CD4349F}.Release|Mixed Platforms.ActiveCfg = Release|Win32
		{363E08E7-4F80-440E-89BB-A48E4CD4349F}.Release|Mixed Platforms.Build.0 = Release|Win32
		{363E08E7-4F80-440E-89BB-A48E4CD4349F}.Release|Win32.ActiveCfg = Release|Win32
		{363E08E7-4F80-440E-89BB-A48E4CD4349F}.Release|Win32.Build.0 = Release|Win32
		{E25A4D94-2CBB-43F2-A1D3-92D9C54FEDD9}.Debug|Any CPU.ActiveCfg = Debug|Win32
		{E25A4D94-2CBB-43F2-A1D3-92D9C54FEDD9}.Debug|Mixed Platforms.ActiveCfg = Debug|Win32
		{E25A4D94-2CBB-43F2-A1D3-92D9C54FEDD9}.Debug|Mixed Platforms.Build.0 = Debug|Win32
		{E25A4D94-2CBB-43F2-A1D3-92D9C54FEDD9}.Debug|Win32.ActiveCfg = Debug|Win32
		{E25A4D94-2CBB-43F2-A1D3-92D9C54FEDD9}.Debug|Win32.Build.0 = Debug|Win32
		{E25A4D94-2CBB-43F2-A1D3-92D9C54FEDD9}.Release|Any CPU.ActiveCfg = Release|Win32
		{E25A4D94-2CBB-43F2-A1D3-92D9C54FEDD9}.Release|Mixed Platforms.ActiveCfg = Release|Win32
		{E25A4D94-2CBB-43F2-A1D3-92D9C54FEDD9}.Release|Mixed Platforms.Build.0 = Release|Win32
		{E25A4D94-2CBB-43F2-A1D3-92D9C54FEDD9}.Release|Win32.ActiveCfg = Release|Win32
		{E25A4D94-2CBB-43F2-A1D3-92D9C54FEDD9}.Release|Win32.Build.0 = Release|Win32
		{4BD2E026-9249-4B05-9BD6-433933B5B4C7}.Debug|Any CPU.ActiveCfg = Debug|Win32
		{4BD2E026-9249-4B05-9BD6-433933B5B4C7}.Debug|Mixed Platforms.ActiveCfg = Debug|Win32
		{4BD2E026-9249-4B05-9BD6-433933B5B4C7}.Debug|Mixed Platforms.Build.0 = Debug|Win32
		{4BD2E026-9249-4B05-9BD6-433933B5B4C7}.Debug|Win32.ActiveCfg = Debug|Win32
		{4BD2E026-9249-4B05-9BD6-433933B5B4C7}.Debug|Win32.Build.0 = Debug|Win32
		{4BD2E026-9249-4B05-9BD6-433933B5B4C7}.Release|Any CPU.ActiveCfg = Release|Win32
		{4BD2E026-9249-4B05-9BD6-433933B5B4C7}.Release|Mixed Platforms.ActiveCfg = Release|Win32
		{4BD2E026-9249-4B05-9BD6-433933B5B4C7}.Release|Mixed Platforms.Build.0 = Release|Win32
		{4BD2E026-9249-4B05-9BD6-433933B5B4C7}.Release|Win32.ActiveCfg = Release|Win32
		{4BD2E026-9249-4B05-9BD6-433933B5B4C7}.Release|Win32.Build.0 = Release|Win32
		{75DDF8F2-FB25-4EA5-B641-A45D376E6B44}.Debug|Any CPU.ActiveCfg = Debug|Win32
		{75DDF8F2-FB25-4EA5-B641-A45D376E6B44}.Debug|Mixed Platforms.ActiveCfg = Debug|Win32
		{75DDF8F2-FB25-4EA5-B641-A45D376E6B44}.Debug|Mixed Platforms.Build.0 = Debug|Win32
		{75DDF8F2-FB25-4EA5-B641-A45D376E6B44}.Debug|Win32.ActiveCfg = Debug|Win32
		{75DDF8F2-FB25-4EA5-B641-A45D376E6B44}.Debug|Win32.Build.0 = Debug|Win32
		{75DDF8F2-FB25-4EA5-B641-A45D376E6B44}.Release|Any CPU.ActiveCfg = Release|Win32
		{75DDF8F2-FB25-4EA5-B641-A45D376E6B44}.Release|Mixed Platforms.ActiveCfg = Release|Win32
		{75DDF8F2-FB25-4EA5-B641-A45D376E6B44}.Release|Mixed Platforms.Build.0 = Release|Win32
		{75DDF8F2-FB25-4EA5-B641-A45D376E6B44}.Release|Win32.ActiveCfg = Release|Win32
		{75DDF8F2-FB25-4EA5-B641-A45D376E6B44}.Release|Win32.Build.0 = Release|Win32
		{6F9BC3C3-012E-4A93-8102-8CC7F6446578}.Debug|Any CPU.ActiveCfg = Debug|Win32
		{6F9BC3C3-012E-4A93-8102-8CC7F6446578}.Debug|Mixed Platforms.ActiveCfg = Debug|Win32
		{6F9BC3C3-012E-4A93-8102-8CC7F6446578}.Debug|Mixed Platforms.Build.0 = Debug|Win32
		{6F9BC3C3-012E-4A93-8102-8CC7F6446578}.Debug|Win32.ActiveCfg = Debug|Win32
		{6F9BC3C3-012E-4A93-8102-8CC7F6446578}.Debug|Win32.Build.0 = Debug|Win32
		{6F9BC3C3-012E-4A93-8102-8CC7F6446578}.Release|Any CPU.ActiveCfg = Release|Win32
		{6F9BC3C3-012E-4A93-8102-8CC7F6446578}.Release|Mixed Platforms.ActiveCfg = Release|Win32
		{6F9BC3C3-012E-4A93-8102-8CC7F6446578}.Release|Mixed Platforms.Build.0 = Release|Win32
		{6F9BC3C3-012E-4A93-8102-8CC7F6446578}.Release|Win32.ActiveCfg = Release|Win32
		{6F9BC3C3-012E-4A93-8102-8CC7F6446578}.Release|Win32.Build.0 = Release|Win32
		{626B3D79-B94D-4137-8342-161E78D4E22F}.Debug|Any CPU.ActiveCfg = Debug|Win32
		{626B3D79-B94D-4137-8342-161E78D4E22F}.Debug|Mixed Platforms.ActiveCfg = Debug|Win32
		{626B3D79-B94D-4137-8342-161E78D4E22F}.Debug|Mixed Platforms.Build.0 = Debug|Win32
		{626B3D79-B94D-4137-8342-161E78D4E22F}.Debug|Win32.ActiveCfg = Debug|Win32
		{626B3D79-B94D-4137-8342-161E78D4E22F}.Debug|Win32.Build.0 = Debug|Win32
		{626B3D79-B94D-4137-8342-161E78D4E22F}.Release|Any CPU.ActiveCfg = Release|Win32
		{626B3D79-B94D-4137-8342-161E78D4E22F}.Release|Mixed Platforms.ActiveCfg = Release|Win32
		{626B3D79-B94D-4137-8342-161E78D4E22F}.Release|Mixed Platforms.Build.0 = Release|Win32
		{626B3D79-B94D-4137-8342-161E78D4E22F}.Release|Win32.ActiveCfg = Release|Win32
		{626B3D79-B94D-4137-8342-161E78D4E22F}.Release|Win32.Build.0 = Release|Win32
		{224BCDA9-2225-40D9-A949-8585B348CF92}.Debug|Any CPU.ActiveCfg = Debug|Win32
		{224BCDA9-2225-40D9-A949-8585B348CF92}.Debug|Mixed Platforms.ActiveCfg = Debug|Win32
		{224BCDA9-2225-40D9-A949-8585B348CF92}.Debug|Mixed Platforms.Build.0 = Debug|Win32
		{224BCDA9-2225-40D9-A949-8585B348CF92}.Debug|Win32.ActiveCfg = Debug|Win32
		{224BCDA9-2225-40D9-A949-8585B348CF92}.Debug|Win32.Build.0 = Debug|Win32
		{224BCDA9-2225-40D9-A949-8585B348CF92}.Release|Any CPU.ActiveCfg = Release|Win32
		{224BCDA9-2225-40D9-A949-8585B348CF92}.Release|Mixed Platforms.ActiveCfg = Release|Win32
		{224BCDA9-2225-40D9-A949-8585B348CF92}.Release|Mixed Platforms.Build.0 = Release|Win32
		{224BCDA9-2225-40D9-A949-8585B348CF92}.Release|Win32.ActiveCfg = Release|Win32
		{224BCDA9-2225-40D9-A949-8585B348CF92}.Release|Win32.Build.0 = Release|Win32
		{DB6F750A-F0E6-45A0-BDE0-2E4DC7FA88E3}.Debug|Any CPU.ActiveCfg = Debug|Any CPU
		{DB6F750A-F0E6-45A0-BDE0-2E4DC7FA88E3}.Debug|Any CPU.Build.0 = Debug|Any CPU
		{DB6F750A-F0E6-45A0-BDE0-2E4DC7FA88E3}.Debug|Mixed Platforms.ActiveCfg = Debug|Any CPU
		{DB6F750A-F0E6-45A0-BDE0-2E4DC7FA88E3}.Debug|Mixed Platforms.Build.0 = Debug|Any CPU
		{DB6F750A-F0E6-45A0-BDE0-2E4DC7FA88E3}.Debug|Win32.ActiveCfg = Debug|Any CPU
		{DB6F750A-F0E6-45A0-BDE0-2E4DC7FA88E3}.Release|Any CPU.ActiveCfg = Release|Any CPU
		{DB6F750A-F0E6-45A0-BDE0-2E4DC7FA88E3}.Release|Any CPU.Build.0 = Release|Any CPU
		{DB6F750A-F0E6-45A0-BDE0-2E4DC7FA88E3}.Release|Mixed Platforms.ActiveCfg = Release|Any CPU
		{DB6F750A-F0E6-45A0-BDE0-2E4DC7FA88E3}.Release|Mixed Platforms.Build.0 = Release|Any CPU
		{DB6F750A-F0E6-45A0-BDE0-2E4DC7FA88E3}.Release|Win32.ActiveCfg = Release|Any CPU
		{1CAC352E-F80B-430B-8296-F3CA6D3D6D60}.Debug|Any CPU.ActiveCfg = Debug|Any CPU
		{1CAC352E-F80B-430B-8296-F3CA6D3D6D60}.Debug|Any CPU.Build.0 = Debug|Any CPU
		{1CAC352E-F80B-430B-8296-F3CA6D3D6D60}.Debug|Mixed Platforms.ActiveCfg = Debug|Any CPU
		{1CAC352E-F80B-430B-8296-F3CA6D3D6D60}.Debug|Mixed Platforms.Build.0 = Debug|Any CPU
		{1CAC352E-F80B-430B-8296-F3CA6D3D6D60}.Debug|Win32.ActiveCfg = Debug|Any CPU
		{1CAC352E-F80B-430B-8296-F3CA6D3D6D60}.Release|Any CPU.ActiveCfg = Release|Any CPU
		{1CAC352E-F80B-430B-8296-F3CA6D3D6D60}.Release|Any CPU.Build.0 = Release|Any CPU
		{1CAC352E-F80B-430B-8296-F3CA6D3D6D60}.Release|Mixed Platforms.ActiveCfg = Release|Any CPU
		{1CAC352E-F80B-430B-8296-F3CA6D3D6D60}.Release|Mixed Platforms.Build.0 = Release|Any CPU
		{1CAC352E-F80B-430B-8296-F3CA6D3D6D60}.Release|Win32.ActiveCfg = Release|Any CPU
		{35B07AF7-C4CE-419E-8741-2E83EB878A7F}.Debug|Any CPU.ActiveCfg = Debug|Any CPU
		{35B07AF7-C4CE-419E-8741-2E83EB878A7F}.Debug|Any CPU.Build.0 = Debug|Any CPU
		{35B07AF7-C4CE-419E-8741-2E83EB878A7F}.Debug|Mixed Platforms.ActiveCfg = Debug|Any CPU
		{35B07AF7-C4CE-419E-8741-2E83EB878A7F}.Debug|Mixed Platforms.Build.0 = Debug|Any CPU
		{35B07AF7-C4CE-419E-8741-2E83EB878A7F}.Debug|Win32.ActiveCfg = Debug|Any CPU
		{35B07AF7-C4CE-419E-8741-2E83EB878A7F}.Release|Any CPU.ActiveCfg = Release|Any CPU
		{35B07AF7-C4CE-419E-8741-2E83EB878A7F}.Release|Any CPU.Build.0 = Release|Any CPU
		{35B07AF7-C4CE-419E-8741-2E83EB878A7F}.Release|Mixed Platforms.ActiveCfg = Release|Any CPU
		{35B07AF7-C4CE-419E-8741-2E83EB878A7F}.Release|Mixed Platforms.Build.0 = Release|Any CPU
		{35B07AF7-C4CE-419E-8741-2E83EB878A7F}.Release|Win32.ActiveCfg = Release|Any CPU
		{F0AFE8EA-EB0F-421C-9E66-333986AF3549}.Debug|Any CPU.ActiveCfg = Debug|Win32
		{F0AFE8EA-EB0F-421C-9E66-333986AF3549}.Debug|Mixed Platforms.ActiveCfg = Debug|Win32
		{F0AFE8EA-EB0F-421C-9E66-333986AF3549}.Debug|Mixed Platforms.Build.0 = Debug|Win32
		{F0AFE8EA-EB0F-421C-9E66-333986AF3549}.Debug|Win32.ActiveCfg = Debug|Win32
		{F0AFE8EA-EB0F-421C-9E66-333986AF3549}.Debug|Win32.Build.0 = Debug|Win32
		{F0AFE8EA-EB0F-421C-9E66-333986AF3549}.Release|Any CPU.ActiveCfg = Release|Win32
		{F0AFE8EA-EB0F-421C-9E66-333986AF3549}.Release|Mixed Platforms.ActiveCfg = Release|Win32
		{F0AFE8EA-EB0F-421C-9E66-333986AF3549}.Release|Mixed Platforms.Build.0 = Release|Win32
		{F0AFE8EA-EB0F-421C-9E66-333986AF3549}.Release|Win32.ActiveCfg = Release|Win32
		{F0AFE8EA-EB0F-421C-9E66-333986AF3549}.Release|Win32.Build.0 = Release|Win32
		{7AAAFD8E-61C3-4601-A1AE-71192E8FDD15}.Debug|Any CPU.ActiveCfg = Debug|Any CPU
		{7AAAFD8E-61C3-4601-A1AE-71192E8FDD15}.Debug|Any CPU.Build.0 = Debug|Any CPU
		{7AAAFD8E-61C3-4601-A1AE-71192E8FDD15}.Debug|Mixed Platforms.ActiveCfg = Debug|Any CPU
		{7AAAFD8E-61C3-4601-A1AE-71192E8FDD15}.Debug|Mixed Platforms.Build.0 = Debug|Any CPU
		{7AAAFD8E-61C3-4601-A1AE-71192E8FDD15}.Debug|Win32.ActiveCfg = Debug|Any CPU
		{7AAAFD8E-61C3-4601-A1AE-71192E8FDD15}.Release|Any CPU.ActiveCfg = Release|Any CPU
		{7AAAFD8E-61C3-4601-A1AE-71192E8FDD15}.Release|Any CPU.Build.0 = Release|Any CPU
		{7AAAFD8E-61C3-4601-A1AE-71192E8FDD15}.Release|Mixed Platforms.ActiveCfg = Release|Any CPU
		{7AAAFD8E-61C3-4601-A1AE-71192E8FDD15}.Release|Mixed Platforms.Build.0 = Release|Any CPU
		{7AAAFD8E-61C3-4601-A1AE-71192E8FDD15}.Release|Win32.ActiveCfg = Release|Any CPU
		{1E86F76E-D951-47EB-BA6A-F0F5461CDF4C}.Debug|Any CPU.ActiveCfg = Debug|Any CPU
		{1E86F76E-D951-47EB-BA6A-F0F5461CDF4C}.Debug|Any CPU.Build.0 = Debug|Any CPU
		{1E86F76E-D951-47EB-BA6A-F0F5461CDF4C}.Debug|Mixed Platforms.ActiveCfg = Debug|Any CPU
		{1E86F76E-D951-47EB-BA6A-F0F5461CDF4C}.Debug|Mixed Platforms.Build.0 = Debug|Any CPU
		{1E86F76E-D951-47EB-BA6A-F0F5461CDF4C}.Debug|Win32.ActiveCfg = Debug|Any CPU
		{1E86F76E-D951-47EB-BA6A-F0F5461CDF4C}.Release|Any CPU.ActiveCfg = Release|Any CPU
		{1E86F76E-D951-47EB-BA6A-F0F5461CDF4C}.Release|Any CPU.Build.0 = Release|Any CPU
		{1E86F76E-D951-47EB-BA6A-F0F5461CDF4C}.Release|Mixed Platforms.ActiveCfg = Release|Any CPU
		{1E86F76E-D951-47EB-BA6A-F0F5461CDF4C}.Release|Mixed Platforms.Build.0 = Release|Any CPU
		{1E86F76E-D951-47EB-BA6A-F0F5461CDF4C}.Release|Win32.ActiveCfg = Release|Any CPU
		{EF69BC8C-DABB-4124-A269-359C3FCFB098}.Debug|Any CPU.ActiveCfg = Debug|Any CPU
		{EF69BC8C-DABB-4124-A269-359C3FCFB098}.Debug|Any CPU.Build.0 = Debug|Any CPU
		{EF69BC8C-DABB-4124-A269-359C3FCFB098}.Debug|Mixed Platforms.ActiveCfg = Debug|Any CPU
		{EF69BC8C-DABB-4124-A269-359C3FCFB098}.Debug|Mixed Platforms.Build.0 = Debug|Any CPU
		{EF69BC8C-DABB-4124-A269-359C3FCFB098}.Debug|Win32.ActiveCfg = Debug|Any CPU
		{EF69BC8C-DABB-4124-A269-359C3FCFB098}.Release|Any CPU.ActiveCfg = Release|Any CPU
		{EF69BC8C-DABB-4124-A269-359C3FCFB098}.Release|Any CPU.Build.0 = Release|Any CPU
		{EF69BC8C-DABB-4124-A269-359C3FCFB098}.Release|Mixed Platforms.ActiveCfg = Release|Any CPU
		{EF69BC8C-DABB-4124-A269-359C3FCFB098}.Release|Mixed Platforms.Build.0 = Release|Any CPU
		{EF69BC8C-DABB-4124-A269-359C3FCFB098}.Release|Win32.ActiveCfg = Release|Any CPU
		{7ECCCDB5-C5C3-4C5C-9798-D46EC359C782}.Debug|Any CPU.ActiveCfg = Debug|Any CPU
		{7ECCCDB5-C5C3-4C5C-9798-D46EC359C782}.Debug|Any CPU.Build.0 = Debug|Any CPU
		{7ECCCDB5-C5C3-4C5C-9798-D46EC359C782}.Debug|Mixed Platforms.ActiveCfg = Debug|Any CPU
		{7ECCCDB5-C5C3-4C5C-9798-D46EC359C782}.Debug|Mixed Platforms.Build.0 = Debug|Any CPU
		{7ECCCDB5-C5C3-4C5C-9798-D46EC359C782}.Debug|Win32.ActiveCfg = Debug|Any CPU
		{7ECCCDB5-C5C3-4C5C-9798-D46EC359C782}.Release|Any CPU.ActiveCfg = Release|Any CPU
		{7ECCCDB5-C5C3-4C5C-9798-D46EC359C782}.Release|Any CPU.Build.0 = Release|Any CPU
		{7ECCCDB5-C5C3-4C5C-9798-D46EC359C782}.Release|Mixed Platforms.ActiveCfg = Release|Any CPU
		{7ECCCDB5-C5C3-4C5C-9798-D46EC359C782}.Release|Mixed Platforms.Build.0 = Release|Any CPU
		{7ECCCDB5-C5C3-4C5C-9798-D46EC359C782}.Release|Win32.ActiveCfg = Release|Any CPU
		{7D9E9E6A-7491-49AF-AF82-D0FDDCA8D212}.Debug|Any CPU.ActiveCfg = Debug|Any CPU
		{7D9E9E6A-7491-49AF-AF82-D0FDDCA8D212}.Debug|Any CPU.Build.0 = Debug|Any CPU
		{7D9E9E6A-7491-49AF-AF82-D0FDDCA8D212}.Debug|Mixed Platforms.ActiveCfg = Debug|Any CPU
		{7D9E9E6A-7491-49AF-AF82-D0FDDCA8D212}.Debug|Mixed Platforms.Build.0 = Debug|Any CPU
		{7D9E9E6A-7491-49AF-AF82-D0FDDCA8D212}.Debug|Win32.ActiveCfg = Debug|Any CPU
		{7D9E9E6A-7491-49AF-AF82-D0FDDCA8D212}.Release|Any CPU.ActiveCfg = Release|Any CPU
		{7D9E9E6A-7491-49AF-AF82-D0FDDCA8D212}.Release|Any CPU.Build.0 = Release|Any CPU
		{7D9E9E6A-7491-49AF-AF82-D0FDDCA8D212}.Release|Mixed Platforms.ActiveCfg = Release|Any CPU
		{7D9E9E6A-7491-49AF-AF82-D0FDDCA8D212}.Release|Mixed Platforms.Build.0 = Release|Any CPU
		{7D9E9E6A-7491-49AF-AF82-D0FDDCA8D212}.Release|Win32.ActiveCfg = Release|Any CPU
	EndGlobalSection
	GlobalSection(SolutionProperties) = preSolution
		HideSolutionNode = FALSE
	EndGlobalSection
EndGlobal
