
Microsoft Visual Studio Solution File, Format Version 10.00
# Visual Studio 2008
Project("{8BC9CEB8-8B4A-11D0-8D11-00A0C91BC942}") = "TicTacToeTomek", "TicTacToeTomek\TicTacToeTomek.vcproj", "{A3C5DDAF-7562-4AC6-9759-A6838243072C}"
EndProject
Project("{8BC9CEB8-8B4A-11D0-8D11-00A0C91BC942}") = "Lawnmower", "Lawnmower\Lawnmower.vcproj", "{ADF426AA-2FEE-4B03-A246-A2C8F0AE945A}"
EndProject
Project("{8BC9CEB8-8B4A-11D0-8D11-00A0C91BC942}") = "FairAndSquare", "FairAndSquare\FairAndSquare.vcproj", "{23C9B689-1543-4F12-BD00-F11584E787A8}"
EndProject
Project("{8BC9CEB8-8B4A-11D0-8D11-00A0C91BC942}") = "Fair", "Fair\Fair.vcproj", "{0E5547AF-9CC1-462E-829B-4D80E4A6AE57}"
EndProject
Project("{8BC9CEB8-8B4A-11D0-8D11-00A0C91BC942}") = "sprintf", "sprintf\sprintf.vcproj", "{C58D63EF-09F4-4B7A-8FBA-956DB8E318C1}"
EndProject
Project("{8BC9CEB8-8B4A-11D0-8D11-00A0C91BC942}") = "sqrt", "sqrt\sqrt.vcproj", "{736B9A12-29DB-4118-B64F-84650ED630B3}"
EndProject
Project("{8BC9CEB8-8B4A-11D0-8D11-00A0C91BC942}") = "Rotate", "Rotate\Rotate.vcproj", "{907DD62B-8A75-44EF-ADC3-295A1222152C}"
EndProject
Project("{8BC9CEB8-8B4A-11D0-8D11-00A0C91BC942}") = "Bullseye", "Bullseye\Bullseye.vcproj", "{9F203618-A00D-48D1-8662-05309F937804}"
EndProject
Project("{8BC9CEB8-8B4A-11D0-8D11-00A0C91BC942}") = "Balance", "Balance\Balance.vcproj", "{F37243B8-451B-45A4-BDDE-EFB0E340225D}"
EndProject
Project("{8BC9CEB8-8B4A-11D0-8D11-00A0C91BC942}") = "Fir", "Fir\Fir.vcproj", "{FBAC74FE-AD04-41C1-BD08-1ABFB196D7C2}"
EndProject
Global
	GlobalSection(SolutionConfigurationPlatforms) = preSolution
		Debug|Win32 = Debug|Win32
		Release|Win32 = Release|Win32
	EndGlobalSection
	GlobalSection(ProjectConfigurationPlatforms) = postSolution
		{A3C5DDAF-7562-4AC6-9759-A6838243072C}.Debug|Win32.ActiveCfg = Debug|Win32
		{A3C5DDAF-7562-4AC6-9759-A6838243072C}.Debug|Win32.Build.0 = Debug|Win32
		{A3C5DDAF-7562-4AC6-9759-A6838243072C}.Release|Win32.ActiveCfg = Release|Win32
		{A3C5DDAF-7562-4AC6-9759-A6838243072C}.Release|Win32.Build.0 = Release|Win32
		{ADF426AA-2FEE-4B03-A246-A2C8F0AE945A}.Debug|Win32.ActiveCfg = Debug|Win32
		{ADF426AA-2FEE-4B03-A246-A2C8F0AE945A}.Debug|Win32.Build.0 = Debug|Win32
		{ADF426AA-2FEE-4B03-A246-A2C8F0AE945A}.Release|Win32.ActiveCfg = Release|Win32
		{ADF426AA-2FEE-4B03-A246-A2C8F0AE945A}.Release|Win32.Build.0 = Release|Win32
		{23C9B689-1543-4F12-BD00-F11584E787A8}.Debug|Win32.ActiveCfg = Debug|Win32
		{23C9B689-1543-4F12-BD00-F11584E787A8}.Debug|Win32.Build.0 = Debug|Win32
		{23C9B689-1543-4F12-BD00-F11584E787A8}.Release|Win32.ActiveCfg = Release|Win32
		{23C9B689-1543-4F12-BD00-F11584E787A8}.Release|Win32.Build.0 = Release|Win32
		{0E5547AF-9CC1-462E-829B-4D80E4A6AE57}.Debug|Win32.ActiveCfg = Debug|Win32
		{0E5547AF-9CC1-462E-829B-4D80E4A6AE57}.Debug|Win32.Build.0 = Debug|Win32
		{0E5547AF-9CC1-462E-829B-4D80E4A6AE57}.Release|Win32.ActiveCfg = Release|Win32
		{0E5547AF-9CC1-462E-829B-4D80E4A6AE57}.Release|Win32.Build.0 = Release|Win32
		{C58D63EF-09F4-4B7A-8FBA-956DB8E318C1}.Debug|Win32.ActiveCfg = Debug|Win32
		{C58D63EF-09F4-4B7A-8FBA-956DB8E318C1}.Debug|Win32.Build.0 = Debug|Win32
		{C58D63EF-09F4-4B7A-8FBA-956DB8E318C1}.Release|Win32.ActiveCfg = Release|Win32
		{C58D63EF-09F4-4B7A-8FBA-956DB8E318C1}.Release|Win32.Build.0 = Release|Win32
		{736B9A12-29DB-4118-B64F-84650ED630B3}.Debug|Win32.ActiveCfg = Debug|Win32
		{736B9A12-29DB-4118-B64F-84650ED630B3}.Debug|Win32.Build.0 = Debug|Win32
		{736B9A12-29DB-4118-B64F-84650ED630B3}.Release|Win32.ActiveCfg = Release|Win32
		{736B9A12-29DB-4118-B64F-84650ED630B3}.Release|Win32.Build.0 = Release|Win32
		{907DD62B-8A75-44EF-ADC3-295A1222152C}.Debug|Win32.ActiveCfg = Debug|Win32
		{907DD62B-8A75-44EF-ADC3-295A1222152C}.Debug|Win32.Build.0 = Debug|Win32
		{907DD62B-8A75-44EF-ADC3-295A1222152C}.Release|Win32.ActiveCfg = Release|Win32
		{907DD62B-8A75-44EF-ADC3-295A1222152C}.Release|Win32.Build.0 = Release|Win32
		{9F203618-A00D-48D1-8662-05309F937804}.Debug|Win32.ActiveCfg = Debug|Win32
		{9F203618-A00D-48D1-8662-05309F937804}.Debug|Win32.Build.0 = Debug|Win32
		{9F203618-A00D-48D1-8662-05309F937804}.Release|Win32.ActiveCfg = Release|Win32
		{9F203618-A00D-48D1-8662-05309F937804}.Release|Win32.Build.0 = Release|Win32
		{F37243B8-451B-45A4-BDDE-EFB0E340225D}.Debug|Win32.ActiveCfg = Debug|Win32
		{F37243B8-451B-45A4-BDDE-EFB0E340225D}.Debug|Win32.Build.0 = Debug|Win32
		{F37243B8-451B-45A4-BDDE-EFB0E340225D}.Release|Win32.ActiveCfg = Release|Win32
		{F37243B8-451B-45A4-BDDE-EFB0E340225D}.Release|Win32.Build.0 = Release|Win32
		{FBAC74FE-AD04-41C1-BD08-1ABFB196D7C2}.Debug|Win32.ActiveCfg = Debug|Win32
		{FBAC74FE-AD04-41C1-BD08-1ABFB196D7C2}.Debug|Win32.Build.0 = Debug|Win32
		{FBAC74FE-AD04-41C1-BD08-1ABFB196D7C2}.Release|Win32.ActiveCfg = Release|Win32
		{FBAC74FE-AD04-41C1-BD08-1ABFB196D7C2}.Release|Win32.Build.0 = Release|Win32
	EndGlobalSection
	GlobalSection(SolutionProperties) = preSolution
		HideSolutionNode = FALSE
	EndGlobalSection
EndGlobal
