
Microsoft Visual Studio Solution File, Format Version 11.00
# Visual Studio 2010
Project("{8BC9CEB8-8B4A-11D0-8D11-00A0C91BC942}") = "AlienLanguage", "AlienLanguage\AlienLanguage.vcxproj", "{5DEFD95E-63AF-4FE7-A2D4-499AFD810742}"
EndProject
Project("{8BC9CEB8-8B4A-11D0-8D11-00A0C91BC942}") = "Watersheds", "Watersheds\Watersheds.vcxproj", "{428A5C2D-439F-4ABC-A752-2A30FD463EBA}"
EndProject
Project("{8BC9CEB8-8B4A-11D0-8D11-00A0C91BC942}") = "ReverseWords", "ReverseWords\ReverseWords.vcxproj", "{3073F8F6-C262-4A4C-BCB6-2CF8BCC2C801}"
EndProject
Global
	GlobalSection(SolutionConfigurationPlatforms) = preSolution
		Debug|Win32 = Debug|Win32
		Release|Win32 = Release|Win32
	EndGlobalSection
	GlobalSection(ProjectConfigurationPlatforms) = postSolution
		{5DEFD95E-63AF-4FE7-A2D4-499AFD810742}.Debug|Win32.ActiveCfg = Debug|Win32
		{5DEFD95E-63AF-4FE7-A2D4-499AFD810742}.Debug|Win32.Build.0 = Debug|Win32
		{5DEFD95E-63AF-4FE7-A2D4-499AFD810742}.Release|Win32.ActiveCfg = Release|Win32
		{5DEFD95E-63AF-4FE7-A2D4-499AFD810742}.Release|Win32.Build.0 = Release|Win32
		{428A5C2D-439F-4ABC-A752-2A30FD463EBA}.Debug|Win32.ActiveCfg = Debug|Win32
		{428A5C2D-439F-4ABC-A752-2A30FD463EBA}.Debug|Win32.Build.0 = Debug|Win32
		{428A5C2D-439F-4ABC-A752-2A30FD463EBA}.Release|Win32.ActiveCfg = Release|Win32
		{428A5C2D-439F-4ABC-A752-2A30FD463EBA}.Release|Win32.Build.0 = Release|Win32
		{3073F8F6-C262-4A4C-BCB6-2CF8BCC2C801}.Debug|Win32.ActiveCfg = Debug|Win32
		{3073F8F6-C262-4A4C-BCB6-2CF8BCC2C801}.Debug|Win32.Build.0 = Debug|Win32
		{3073F8F6-C262-4A4C-BCB6-2CF8BCC2C801}.Release|Win32.ActiveCfg = Release|Win32
		{3073F8F6-C262-4A4C-BCB6-2CF8BCC2C801}.Release|Win32.Build.0 = Release|Win32
	EndGlobalSection
	GlobalSection(SolutionProperties) = preSolution
		HideSolutionNode = FALSE
	EndGlobalSection
EndGlobal
